{
    "name": "@image-saas/uploader",
    "version": "0.0.1",
    "lockfileVersion": 3,
    "requires": true,
    "packages": {
        "": {
            "name": "@image-saas/uploader",
            "version": "0.0.1",
            "dependencies": {
                "@image-saas/uploader": "file:"
            },
            "devDependencies": {
                "@uppy/aws-s3": "^3.6.0",
                "@uppy/core": "^3.8.0"
            },
            "peerDependencies": {
                "@uppy/aws-s3": "^3.6.0",
                "@uppy/core": "^3.8.0"
            }
        },
        "node_modules/@image-saas/uploader": {
            "resolved": "",
            "link": true
        },
        "node_modules/@transloadit/prettier-bytes": {
            "version": "0.3.5",
            "resolved": "https://registry.npmmirror.com/@transloadit/prettier-bytes/-/prettier-bytes-0.3.5.tgz",
            "integrity": "sha512-xF4A3d/ZyX2LJWeQZREZQw+qFX4TGQ8bGVP97OLRt6sPO6T0TNHBFTuRHOJh7RNmYOBmQ9MHxpolD9bXihpuVA==",
            "dev": true
        },
        "node_modules/@types/retry": {
            "version": "0.12.2",
            "resolved": "https://registry.npmmirror.com/@types/retry/-/retry-0.12.2.tgz",
            "integrity": "sha512-XISRgDJ2Tc5q4TRqvgJtzsRkFYNJzZrhTdtMoGVBttwzzQJkPnS3WWTFc7kuDRoPtPakl+T+OfdEUjYJj7Jbow==",
            "dev": true
        },
        "node_modules/@uppy/aws-s3": {
            "version": "3.6.2",
            "resolved": "https://registry.npmmirror.com/@uppy/aws-s3/-/aws-s3-3.6.2.tgz",
            "integrity": "sha512-pXXSfJbPLR9tmmLFckKU3lyp7Zx4AVvamH/Y5MU2WHKj8TQMrGeM0/M/nXn8SIa7roYEaskY6dVYT/DcHLdO9A==",
            "dev": true,
            "dependencies": {
                "@uppy/aws-s3-multipart": "^3.10.2",
                "@uppy/companion-client": "^3.7.2",
                "@uppy/utils": "^5.7.2",
                "@uppy/xhr-upload": "^3.6.2",
                "nanoid": "^4.0.0"
            },
            "peerDependencies": {
                "@uppy/core": "^3.9.1"
            }
        },
        "node_modules/@uppy/aws-s3-multipart": {
            "version": "3.12.0",
            "resolved": "https://registry.npmmirror.com/@uppy/aws-s3-multipart/-/aws-s3-multipart-3.12.0.tgz",
            "integrity": "sha512-l6/TlRjde/mP4LMFWdJIRBEUUceYXtAiNAHukfyzM3VbY3/+YrEJTAchsa4DrqAiyToJJu6b+xxvL2H46cDs3Q==",
            "deprecated": "Use @uppy/aws-s3 instead.",
            "dev": true,
            "dependencies": {
                "@uppy/companion-client": "^3.8.1",
                "@uppy/utils": "^5.9.0"
            },
            "peerDependencies": {
                "@uppy/core": "^3.12.0"
            }
        },
        "node_modules/@uppy/companion-client": {
            "version": "3.8.2",
            "resolved": "https://registry.npmmirror.com/@uppy/companion-client/-/companion-client-3.8.2.tgz",
            "integrity": "sha512-WLjZ0Y6Fe7lzwU1YPvvQ/YqooejcgIZkT2TC39xr+QQ7Y1FwJECsyUdlKwgi1ee8TNpjoCrj3Q1Hjel/+p0VhA==",
            "dev": true,
            "dependencies": {
                "@uppy/utils": "^5.9.0",
                "namespace-emitter": "^2.0.1",
                "p-retry": "^6.1.0"
            },
            "peerDependencies": {
                "@uppy/core": "^3.13.1"
            }
        },
        "node_modules/@uppy/core": {
            "version": "3.13.1",
            "resolved": "https://registry.npmmirror.com/@uppy/core/-/core-3.13.1.tgz",
            "integrity": "sha512-iQGAUO4ziQRpfv7kix6tO6JOWqjI0K4vt8AynvHWzDPZxYSba3zd6RojGNPsYWSR7Xv+dRXYx+GU8oTiK1FRUA==",
            "dev": true,
            "dependencies": {
                "@transloadit/prettier-bytes": "^0.3.4",
                "@uppy/store-default": "^3.2.2",
                "@uppy/utils": "^5.9.0",
                "lodash": "^4.17.21",
                "mime-match": "^1.0.2",
                "namespace-emitter": "^2.0.1",
                "nanoid": "^4.0.0",
                "preact": "^10.5.13"
            }
        },
        "node_modules/@uppy/store-default": {
            "version": "3.2.2",
            "resolved": "https://registry.npmmirror.com/@uppy/store-default/-/store-default-3.2.2.tgz",
            "integrity": "sha512-OiSgT++Jj4nLK0N9WTeod3UNjCH81OXE5BcMJCd9oWzl2d0xPNq2T/E9Y6O72XVd+6Y7+tf5vZlPElutfMB3KQ==",
            "dev": true
        },
        "node_modules/@uppy/utils": {
            "version": "5.9.0",
            "resolved": "https://registry.npmmirror.com/@uppy/utils/-/utils-5.9.0.tgz",
            "integrity": "sha512-9Ubddd3orCOLYjf0KobwgJ+aTrABSxk9t4X/QdM4qJHVZuMIftkaMplrViRUO+kvIBCXEZDIP2AmS060siDNGw==",
            "dev": true,
            "dependencies": {
                "lodash": "^4.17.21",
                "preact": "^10.5.13"
            }
        },
        "node_modules/@uppy/xhr-upload": {
            "version": "3.6.8",
            "resolved": "https://registry.npmmirror.com/@uppy/xhr-upload/-/xhr-upload-3.6.8.tgz",
            "integrity": "sha512-zr3OHrIdo08jmCqTYKS0C7o3E0XQpjtZI40wmB6VvXYzu4x/aZankG9QqKxLiY0n8KbZ9aCIvO8loxBGoL7Kaw==",
            "dev": true,
            "dependencies": {
                "@uppy/companion-client": "^3.8.1",
                "@uppy/utils": "^5.9.0"
            },
            "peerDependencies": {
                "@uppy/core": "^3.13.0"
            }
        },
        "node_modules/is-network-error": {
            "version": "1.1.0",
            "resolved": "https://registry.npmmirror.com/is-network-error/-/is-network-error-1.1.0.tgz",
            "integrity": "sha512-tUdRRAnhT+OtCZR/LxZelH/C7QtjtFrTu5tXCA8pl55eTUElUHT+GPYV8MBMBvea/j+NxQqVt3LbWMRir7Gx9g==",
            "dev": true,
            "engines": {
                "node": ">=16"
            },
            "funding": {
                "url": "https://github.com/sponsors/sindresorhus"
            }
        },
        "node_modules/lodash": {
            "version": "4.17.21",
            "resolved": "https://registry.npmmirror.com/lodash/-/lodash-4.17.21.tgz",
            "integrity": "sha512-v2kDEe57lecTulaDIuNTPy3Ry4gLGJ6Z1O3vE1krgXZNrsQ+LFTGHVxVjcXPs17LhbZVGedAJv8XZ1tvj5FvSg==",
            "dev": true
        },
        "node_modules/mime-match": {
            "version": "1.0.2",
            "resolved": "https://registry.npmmirror.com/mime-match/-/mime-match-1.0.2.tgz",
            "integrity": "sha512-VXp/ugGDVh3eCLOBCiHZMYWQaTNUHv2IJrut+yXA6+JbLPXHglHwfS/5A5L0ll+jkCY7fIzRJcH6OIunF+c6Cg==",
            "dev": true,
            "dependencies": {
                "wildcard": "^1.1.0"
            }
        },
        "node_modules/namespace-emitter": {
            "version": "2.0.1",
            "resolved": "https://registry.npmmirror.com/namespace-emitter/-/namespace-emitter-2.0.1.tgz",
            "integrity": "sha512-N/sMKHniSDJBjfrkbS/tpkPj4RAbvW3mr8UAzvlMHyun93XEm83IAvhWtJVHo+RHn/oO8Job5YN4b+wRjSVp5g==",
            "dev": true
        },
        "node_modules/nanoid": {
            "version": "4.0.2",
            "resolved": "https://registry.npmmirror.com/nanoid/-/nanoid-4.0.2.tgz",
            "integrity": "sha512-7ZtY5KTCNheRGfEFxnedV5zFiORN1+Y1N6zvPTnHQd8ENUvfaDBeuJDZb2bN/oXwXxu3qkTXDzy57W5vAmDTBw==",
            "dev": true,
            "funding": [
                {
                    "type": "github",
                    "url": "https://github.com/sponsors/ai"
                }
            ],
            "bin": {
                "nanoid": "bin/nanoid.js"
            },
            "engines": {
                "node": "^14 || ^16 || >=18"
            }
        },
        "node_modules/p-retry": {
            "version": "6.2.0",
            "resolved": "https://registry.npmmirror.com/p-retry/-/p-retry-6.2.0.tgz",
            "integrity": "sha512-JA6nkq6hKyWLLasXQXUrO4z8BUZGUt/LjlJxx8Gb2+2ntodU/SS63YZ8b0LUTbQ8ZB9iwOfhEPhg4ykKnn2KsA==",
            "dev": true,
            "dependencies": {
                "@types/retry": "0.12.2",
                "is-network-error": "^1.0.0",
                "retry": "^0.13.1"
            },
            "engines": {
                "node": ">=16.17"
            },
            "funding": {
                "url": "https://github.com/sponsors/sindresorhus"
            }
        },
        "node_modules/preact": {
            "version": "10.24.3",
            "resolved": "https://registry.npmmirror.com/preact/-/preact-10.24.3.tgz",
            "integrity": "sha512-Z2dPnBnMUfyQfSQ+GBdsGa16hz35YmLmtTLhM169uW944hYL6xzTYkJjC07j+Wosz733pMWx0fgON3JNw1jJQA==",
            "dev": true,
            "funding": {
                "type": "opencollective",
                "url": "https://opencollective.com/preact"
            }
        },
        "node_modules/retry": {
            "version": "0.13.1",
            "resolved": "https://registry.npmmirror.com/retry/-/retry-0.13.1.tgz",
            "integrity": "sha512-XQBQ3I8W1Cge0Seh+6gjj03LbmRFWuoszgK9ooCpwYIrhhoO80pfq4cUkU5DkknwfOfFteRwlZ56PYOGYyFWdg==",
            "dev": true,
            "engines": {
                "node": ">= 4"
            }
        },
        "node_modules/wildcard": {
            "version": "1.1.2",
            "resolved": "https://registry.npmmirror.com/wildcard/-/wildcard-1.1.2.tgz",
            "integrity": "sha512-DXukZJxpHA8LuotRwL0pP1+rS6CS7FF2qStDDE1C7DDg2rLud2PXRMuEDYIPhgEezwnlHNL4c+N6MfMTjCGTng==",
            "dev": true
        }
    }
}
